
Microsoft Visual Studio Solution File, Format Version 12.00
# Visual Studio Version 17
VisualStudioVersion = 17.3.32922.545
MinimumVisualStudioVersion = 10.0.40219.1
Project("{FAE04EC0-301F-11D3-BF4B-00C04F79EFBC}") = "EstacionamentoCode.Console", "EstacionamentoCode.Console\EstacionamentoCode.Console.csproj", "{E0C59690-FD60-4A9B-8A18-819447ECC06C}"
EndProject
Project("{FAE04EC0-301F-11D3-BF4B-00C04F79EFBC}") = "EstacionamentoCode.Dominio", "EstacionamentoCode.Dominio\EstacionamentoCode.Dominio.csproj", "{7FA83757-A535-443A-BAA2-69117140E9F6}"
EndProject
Project("{FAE04EC0-301F-11D3-BF4B-00C04F79EFBC}") = "EstacionamentoCode.Infra", "EstacionamentoCode.Infra\EstacionamentoCode.Infra.csproj", "{2BC4C131-C7F4-4288-AE69-711B232647B2}"
EndProject
Project("{2150E333-8FDC-42A3-9474-1A3956D46DE8}") = "Solution Items", "Solution Items", "{9F4F1F47-752A-45C7-AA9A-DF1BA1D17A73}"
	ProjectSection(SolutionItems) = preProject
		Readme.md = Readme.md
	EndProjectSection
EndProject
Global
	GlobalSection(SolutionConfigurationPlatforms) = preSolution
		Debug|Any CPU = Debug|Any CPU
		Release|Any CPU = Release|Any CPU
	EndGlobalSection
	GlobalSection(ProjectConfigurationPlatforms) = postSolution
		{E0C59690-FD60-4A9B-8A18-819447ECC06C}.Debug|Any CPU.ActiveCfg = Debug|Any CPU
		{E0C59690-FD60-4A9B-8A18-819447ECC06C}.Debug|Any CPU.Build.0 = Debug|Any CPU
		{E0C59690-FD60-4A9B-8A18-819447ECC06C}.Release|Any CPU.ActiveCfg = Release|Any CPU
		{E0C59690-FD60-4A9B-8A18-819447ECC06C}.Release|Any CPU.Build.0 = Release|Any CPU
		{7FA83757-A535-443A-BAA2-69117140E9F6}.Debug|Any CPU.ActiveCfg = Debug|Any CPU
		{7FA83757-A535-443A-BAA2-69117140E9F6}.Debug|Any CPU.Build.0 = Debug|Any CPU
		{7FA83757-A535-443A-BAA2-69117140E9F6}.Release|Any CPU.ActiveCfg = Release|Any CPU
		{7FA83757-A535-443A-BAA2-69117140E9F6}.Release|Any CPU.Build.0 = Release|Any CPU
		{2BC4C131-C7F4-4288-AE69-711B232647B2}.Debug|Any CPU.ActiveCfg = Debug|Any CPU
		{2BC4C131-C7F4-4288-AE69-711B232647B2}.Debug|Any CPU.Build.0 = Debug|Any CPU
		{2BC4C131-C7F4-4288-AE69-711B232647B2}.Release|Any CPU.ActiveCfg = Release|Any CPU
		{2BC4C131-C7F4-4288-AE69-711B232647B2}.Release|Any CPU.Build.0 = Release|Any CPU
	EndGlobalSection
	GlobalSection(SolutionProperties) = preSolution
		HideSolutionNode = FALSE
	EndGlobalSection
	GlobalSection(ExtensibilityGlobals) = postSolution
		SolutionGuid = {C2588546-6719-4C32-BBCA-626DC778B974}
	EndGlobalSection
EndGlobal
