
Microsoft Visual Studio Solution File, Format Version 12.00
# Visual Studio Version 17
VisualStudioVersion = 17.3.32922.545
MinimumVisualStudioVersion = 10.0.40219.1
Project("{FAE04EC0-301F-11D3-BF4B-00C04F79EFBC}") = "ConsoleAppAula", "ConsoleAppAula\ConsoleAppAula.csproj", "{848836DE-FB04-4D2C-9EF0-A23B7955B27A}"
EndProject
Global
	GlobalSection(SolutionConfigurationPlatforms) = preSolution
		Debug|Any CPU = Debug|Any CPU
		Release|Any CPU = Release|Any CPU
	EndGlobalSection
	GlobalSection(ProjectConfigurationPlatforms) = postSolution
		{848836DE-FB04-4D2C-9EF0-A23B7955B27A}.Debug|Any CPU.ActiveCfg = Debug|Any CPU
		{848836DE-FB04-4D2C-9EF0-A23B7955B27A}.Debug|Any CPU.Build.0 = Debug|Any CPU
		{848836DE-FB04-4D2C-9EF0-A23B7955B27A}.Release|Any CPU.ActiveCfg = Release|Any CPU
		{848836DE-FB04-4D2C-9EF0-A23B7955B27A}.Release|Any CPU.Build.0 = Release|Any CPU
	EndGlobalSection
	GlobalSection(SolutionProperties) = preSolution
		HideSolutionNode = FALSE
	EndGlobalSection
	GlobalSection(ExtensibilityGlobals) = postSolution
		SolutionGuid = {D6754FE3-36FB-4567-82A4-9B266856A619}
	EndGlobalSection
EndGlobal
